
Microsoft Visual Studio Solution File, Format Version 12.00
# Visual Studio Version 17
VisualStudioVersion = 17.4.33403.182
MinimumVisualStudioVersion = 10.0.40219.1
Project("{8BC9CEB8-8B4A-11D0-8D11-00A0C91BC942}") = "№1", "№1\№1.vcxproj", "{ACD2C67A-51F3-4033-871B-C75EB4871AA6}"
EndProject
Project("{8BC9CEB8-8B4A-11D0-8D11-00A0C91BC942}") = "№2", "№2\№2.vcxproj", "{382E3B31-8A49-4098-8274-57E79E89A4B9}"
EndProject
Project("{8BC9CEB8-8B4A-11D0-8D11-00A0C91BC942}") = "№3", "№3\№3.vcxproj", "{F56E32ED-9B0F-40B8-8EFA-F10848E77F8E}"
EndProject
Project("{8BC9CEB8-8B4A-11D0-8D11-00A0C91BC942}") = "№4", "№4\№4.vcxproj", "{7947DB75-1FEB-4D08-A4B7-B29ABF54087E}"
EndProject
Project("{8BC9CEB8-8B4A-11D0-8D11-00A0C91BC942}") = "№5", "№5\№5.vcxproj", "{17593AC3-B5F0-4A54-9173-30979204CE12}"
EndProject
Project("{8BC9CEB8-8B4A-11D0-8D11-00A0C91BC942}") = "№6", "№6\№6.vcxproj", "{AABBD3F9-1108-4950-9343-E09E3D9670C4}"
EndProject
Project("{8BC9CEB8-8B4A-11D0-8D11-00A0C91BC942}") = "№7", "№7\№7.vcxproj", "{31392542-82A8-44FE-BEF5-F94535C695CC}"
EndProject
Project("{8BC9CEB8-8B4A-11D0-8D11-00A0C91BC942}") = "№8", "№8\№8.vcxproj", "{64B6A162-648A-4BD8-93E2-A2F6E28BC105}"
EndProject
Project("{8BC9CEB8-8B4A-11D0-8D11-00A0C91BC942}") = "№9", "№9\№9.vcxproj", "{A3CC460D-CF3D-47DF-AEB6-C8D3755E0F63}"
EndProject
Project("{8BC9CEB8-8B4A-11D0-8D11-00A0C91BC942}") = "№10", "№10\№10.vcxproj", "{AB7AA896-036D-4428-BB09-AAC976D4FD33}"
EndProject
Global
	GlobalSection(SolutionConfigurationPlatforms) = preSolution
		Debug|x64 = Debug|x64
		Debug|x86 = Debug|x86
		Release|x64 = Release|x64
		Release|x86 = Release|x86
	EndGlobalSection
	GlobalSection(ProjectConfigurationPlatforms) = postSolution
		{ACD2C67A-51F3-4033-871B-C75EB4871AA6}.Debug|x64.ActiveCfg = Debug|x64
		{ACD2C67A-51F3-4033-871B-C75EB4871AA6}.Debug|x64.Build.0 = Debug|x64
		{ACD2C67A-51F3-4033-871B-C75EB4871AA6}.Debug|x86.ActiveCfg = Debug|Win32
		{ACD2C67A-51F3-4033-871B-C75EB4871AA6}.Debug|x86.Build.0 = Debug|Win32
		{ACD2C67A-51F3-4033-871B-C75EB4871AA6}.Release|x64.ActiveCfg = Release|x64
		{ACD2C67A-51F3-4033-871B-C75EB4871AA6}.Release|x64.Build.0 = Release|x64
		{ACD2C67A-51F3-4033-871B-C75EB4871AA6}.Release|x86.ActiveCfg = Release|Win32
		{ACD2C67A-51F3-4033-871B-C75EB4871AA6}.Release|x86.Build.0 = Release|Win32
		{382E3B31-8A49-4098-8274-57E79E89A4B9}.Debug|x64.ActiveCfg = Debug|x64
		{382E3B31-8A49-4098-8274-57E79E89A4B9}.Debug|x64.Build.0 = Debug|x64
		{382E3B31-8A49-4098-8274-57E79E89A4B9}.Debug|x86.ActiveCfg = Debug|Win32
		{382E3B31-8A49-4098-8274-57E79E89A4B9}.Debug|x86.Build.0 = Debug|Win32
		{382E3B31-8A49-4098-8274-57E79E89A4B9}.Release|x64.ActiveCfg = Release|x64
		{382E3B31-8A49-4098-8274-57E79E89A4B9}.Release|x64.Build.0 = Release|x64
		{382E3B31-8A49-4098-8274-57E79E89A4B9}.Release|x86.ActiveCfg = Release|Win32
		{382E3B31-8A49-4098-8274-57E79E89A4B9}.Release|x86.Build.0 = Release|Win32
		{F56E32ED-9B0F-40B8-8EFA-F10848E77F8E}.Debug|x64.ActiveCfg = Debug|x64
		{F56E32ED-9B0F-40B8-8EFA-F10848E77F8E}.Debug|x64.Build.0 = Debug|x64
		{F56E32ED-9B0F-40B8-8EFA-F10848E77F8E}.Debug|x86.ActiveCfg = Debug|Win32
		{F56E32ED-9B0F-40B8-8EFA-F10848E77F8E}.Debug|x86.Build.0 = Debug|Win32
		{F56E32ED-9B0F-40B8-8EFA-F10848E77F8E}.Release|x64.ActiveCfg = Release|x64
		{F56E32ED-9B0F-40B8-8EFA-F10848E77F8E}.Release|x64.Build.0 = Release|x64
		{F56E32ED-9B0F-40B8-8EFA-F10848E77F8E}.Release|x86.ActiveCfg = Release|Win32
		{F56E32ED-9B0F-40B8-8EFA-F10848E77F8E}.Release|x86.Build.0 = Release|Win32
		{7947DB75-1FEB-4D08-A4B7-B29ABF54087E}.Debug|x64.ActiveCfg = Debug|x64
		{7947DB75-1FEB-4D08-A4B7-B29ABF54087E}.Debug|x64.Build.0 = Debug|x64
		{7947DB75-1FEB-4D08-A4B7-B29ABF54087E}.Debug|x86.ActiveCfg = Debug|Win32
		{7947DB75-1FEB-4D08-A4B7-B29ABF54087E}.Debug|x86.Build.0 = Debug|Win32
		{7947DB75-1FEB-4D08-A4B7-B29ABF54087E}.Release|x64.ActiveCfg = Release|x64
		{7947DB75-1FEB-4D08-A4B7-B29ABF54087E}.Release|x64.Build.0 = Release|x64
		{7947DB75-1FEB-4D08-A4B7-B29ABF54087E}.Release|x86.ActiveCfg = Release|Win32
		{7947DB75-1FEB-4D08-A4B7-B29ABF54087E}.Release|x86.Build.0 = Release|Win32
		{17593AC3-B5F0-4A54-9173-30979204CE12}.Debug|x64.ActiveCfg = Debug|x64
		{17593AC3-B5F0-4A54-9173-30979204CE12}.Debug|x64.Build.0 = Debug|x64
		{17593AC3-B5F0-4A54-9173-30979204CE12}.Debug|x86.ActiveCfg = Debug|Win32
		{17593AC3-B5F0-4A54-9173-30979204CE12}.Debug|x86.Build.0 = Debug|Win32
		{17593AC3-B5F0-4A54-9173-30979204CE12}.Release|x64.ActiveCfg = Release|x64
		{17593AC3-B5F0-4A54-9173-30979204CE12}.Release|x64.Build.0 = Release|x64
		{17593AC3-B5F0-4A54-9173-30979204CE12}.Release|x86.ActiveCfg = Release|Win32
		{17593AC3-B5F0-4A54-9173-30979204CE12}.Release|x86.Build.0 = Release|Win32
		{AABBD3F9-1108-4950-9343-E09E3D9670C4}.Debug|x64.ActiveCfg = Debug|x64
		{AABBD3F9-1108-4950-9343-E09E3D9670C4}.Debug|x64.Build.0 = Debug|x64
		{AABBD3F9-1108-4950-9343-E09E3D9670C4}.Debug|x86.ActiveCfg = Debug|Win32
		{AABBD3F9-1108-4950-9343-E09E3D9670C4}.Debug|x86.Build.0 = Debug|Win32
		{AABBD3F9-1108-4950-9343-E09E3D9670C4}.Release|x64.ActiveCfg = Release|x64
		{AABBD3F9-1108-4950-9343-E09E3D9670C4}.Release|x64.Build.0 = Release|x64
		{AABBD3F9-1108-4950-9343-E09E3D9670C4}.Release|x86.ActiveCfg = Release|Win32
		{AABBD3F9-1108-4950-9343-E09E3D9670C4}.Release|x86.Build.0 = Release|Win32
		{31392542-82A8-44FE-BEF5-F94535C695CC}.Debug|x64.ActiveCfg = Debug|x64
		{31392542-82A8-44FE-BEF5-F94535C695CC}.Debug|x64.Build.0 = Debug|x64
		{31392542-82A8-44FE-BEF5-F94535C695CC}.Debug|x86.ActiveCfg = Debug|Win32
		{31392542-82A8-44FE-BEF5-F94535C695CC}.Debug|x86.Build.0 = Debug|Win32
		{31392542-82A8-44FE-BEF5-F94535C695CC}.Release|x64.ActiveCfg = Release|x64
		{31392542-82A8-44FE-BEF5-F94535C695CC}.Release|x64.Build.0 = Release|x64
		{31392542-82A8-44FE-BEF5-F94535C695CC}.Release|x86.ActiveCfg = Release|Win32
		{31392542-82A8-44FE-BEF5-F94535C695CC}.Release|x86.Build.0 = Release|Win32
		{64B6A162-648A-4BD8-93E2-A2F6E28BC105}.Debug|x64.ActiveCfg = Debug|x64
		{64B6A162-648A-4BD8-93E2-A2F6E28BC105}.Debug|x64.Build.0 = Debug|x64
		{64B6A162-648A-4BD8-93E2-A2F6E28BC105}.Debug|x86.ActiveCfg = Debug|Win32
		{64B6A162-648A-4BD8-93E2-A2F6E28BC105}.Debug|x86.Build.0 = Debug|Win32
		{64B6A162-648A-4BD8-93E2-A2F6E28BC105}.Release|x64.ActiveCfg = Release|x64
		{64B6A162-648A-4BD8-93E2-A2F6E28BC105}.Release|x64.Build.0 = Release|x64
		{64B6A162-648A-4BD8-93E2-A2F6E28BC105}.Release|x86.ActiveCfg = Release|Win32
		{64B6A162-648A-4BD8-93E2-A2F6E28BC105}.Release|x86.Build.0 = Release|Win32
		{A3CC460D-CF3D-47DF-AEB6-C8D3755E0F63}.Debug|x64.ActiveCfg = Debug|x64
		{A3CC460D-CF3D-47DF-AEB6-C8D3755E0F63}.Debug|x64.Build.0 = Debug|x64
		{A3CC460D-CF3D-47DF-AEB6-C8D3755E0F63}.Debug|x86.ActiveCfg = Debug|Win32
		{A3CC460D-CF3D-47DF-AEB6-C8D3755E0F63}.Debug|x86.Build.0 = Debug|Win32
		{A3CC460D-CF3D-47DF-AEB6-C8D3755E0F63}.Release|x64.ActiveCfg = Release|x64
		{A3CC460D-CF3D-47DF-AEB6-C8D3755E0F63}.Release|x64.Build.0 = Release|x64
		{A3CC460D-CF3D-47DF-AEB6-C8D3755E0F63}.Release|x86.ActiveCfg = Release|Win32
		{A3CC460D-CF3D-47DF-AEB6-C8D3755E0F63}.Release|x86.Build.0 = Release|Win32
		{AB7AA896-036D-4428-BB09-AAC976D4FD33}.Debug|x64.ActiveCfg = Debug|x64
		{AB7AA896-036D-4428-BB09-AAC976D4FD33}.Debug|x64.Build.0 = Debug|x64
		{AB7AA896-036D-4428-BB09-AAC976D4FD33}.Debug|x86.ActiveCfg = Debug|Win32
		{AB7AA896-036D-4428-BB09-AAC976D4FD33}.Debug|x86.Build.0 = Debug|Win32
		{AB7AA896-036D-4428-BB09-AAC976D4FD33}.Release|x64.ActiveCfg = Release|x64
		{AB7AA896-036D-4428-BB09-AAC976D4FD33}.Release|x64.Build.0 = Release|x64
		{AB7AA896-036D-4428-BB09-AAC976D4FD33}.Release|x86.ActiveCfg = Release|Win32
		{AB7AA896-036D-4428-BB09-AAC976D4FD33}.Release|x86.Build.0 = Release|Win32
	EndGlobalSection
	GlobalSection(SolutionProperties) = preSolution
		HideSolutionNode = FALSE
	EndGlobalSection
	GlobalSection(ExtensibilityGlobals) = postSolution
		SolutionGuid = {878F3C14-29A3-44FB-B5BD-54569421F649}
	EndGlobalSection
EndGlobal
